dependencies:
- name: common
  repository: file://../../../library/common/2207.0.0
  version: 2207.0.0
- name: common
  repository: file://../../../library/common/
  version: 1.0.0
digest: sha256:0d5febf0384468c16b9336e4d8ed2490b6364865cd00e5191abf2a019db65721
generated: "2023-03-26T19:15:12.287675813-05:00"
